{
  "name": "super-note",
  "version": "1.0.0",
  "lockfileVersion": 3,
  "requires": true,
  "packages": {
    "": {
      "name": "super-note",
      "version": "1.0.0",
      "license": "ISC",
      "dependencies": {
        "czg": "^1.9.4"
      }
    },
    "node_modules/czg": {
      "version": "1.9.4",
      "resolved": "https://mirrors.cloud.tencent.com/npm/czg/-/czg-1.9.4.tgz",
      "integrity": "sha512-x9V/FXA3XUmK6PMvP2WC3WPTA4xAUCcjFcL6HxJSLUAn4gKshMHWLkIfWSCsEqmenn5IIX0/L7NuBJ7/luDqCA==",
      "bin": {
        "czg": "bin/index.js",
        "git-czg": "bin/index.js"
      },
      "engines": {
        "node": ">=v12.20.0"
      }
    }
  }
}
