{
  "name": "super-note",
  "version": "1.0.0",
  "lockfileVersion": 3,
  "requires": true,
  "packages": {
    "": {
      "name": "super-note",
      "version": "1.0.0",
      "license": "ISC",
      "dependencies": {
        "czg": "^1.11.1"
      }
    },
    "node_modules/czg": {
      "version": "1.11.1",
      "resolved": "https://registry.npmmirror.com/czg/-/czg-1.11.1.tgz",
      "integrity": "sha512-2k/Dh7MiRKMUEtQO3kWVkgPmvf0wZlxyS7Svr8cpI2ScATkLuA5uWa2ukJnTXG6Pwe73vFhGO9jd9IiE3NOM5g==",
      "bin": {
        "czg": "bin/index.js",
        "git-czg": "bin/index.js"
      },
      "engines": {
        "node": ">=v12.20.0"
      }
    }
  }
}
