{
  "name": "super-note",
  "version": "1.0.0",
  "lockfileVersion": 3,
  "requires": true,
  "packages": {
    "": {
      "name": "super-note",
      "version": "1.0.0",
      "license": "ISC",
      "dependencies": {
        "czg": "^1.11.0"
      }
    },
    "node_modules/czg": {
      "version": "1.11.0",
      "resolved": "https://mirrors.cloud.tencent.com/npm/czg/-/czg-1.11.0.tgz",
      "integrity": "sha512-go39avnHPvDn1HF4LS1qxj5XPGCQexZ9+y8f+0VlE9plZgRyWUOl4rUCwE4vD1azouIhz/KaauB45A7jPfMxpw==",
      "bin": {
        "czg": "bin/index.js",
        "git-czg": "bin/index.js"
      },
      "engines": {
        "node": ">=v12.20.0"
      }
    }
  }
}
